<?xml version="1.0" encoding="utf-8"?>
<Project ToolsVersion="4.0" xmlns="http://schemas.microsoft.com/developer/msbuild/2003">
  <ItemGroup>
    <ClCompile Include="AuthManager.cpp" />
    <ClCompile Include="Car.cpp" />
    <ClCompile Include="CarList.cpp" />
    <ClCompile Include="CarRentalSystem.cpp" />
    <ClCompile Include="CustomerMenu.cpp" />
    <ClCompile Include="GuestMenu.cpp" />
    <ClCompile Include="Maintenance.cpp" />
    <ClCompile Include="Manager.cpp" />
    <ClCompile Include="ManagerMenu.cpp" />
    <ClCompile Include="PasswordHasher.cpp" />
    <ClCompile Include="Rental.cpp" />
    <ClCompile Include="Reservation.cpp" />
    <ClCompile Include="Staff.cpp" />
    <ClCompile Include="StaffMenu.cpp" />
    <ClCompile Include="UserList.cpp" />
    <ClCompile Include="UserStorage.cpp" />
    <ClCompile Include="User.cpp" />
    <ClCompile Include="MaintenanceList.cpp" />
    <ClCompile Include="FileName.cpp" />
    <ClCompile Include="ReservationQueue.cpp" />
  </ItemGroup>
  <ItemGroup>
    <ClInclude Include="AuthManager.h" />
    <ClInclude Include="Car.h" />
    <ClInclude Include="CarList.h" />
    <ClInclude Include="CarNode.h" />
    <ClInclude Include="CustomerMenu.h" />
    <ClInclude Include="GuestMenu.h" />
    <ClInclude Include="Maintenance.h" />
    <ClInclude Include="Manager.h" />
    <ClInclude Include="ManagerMenu.h" />
    <ClInclude Include="PasswordHasher.h" />
    <ClInclude Include="Rental.h" />
    <ClInclude Include="Reservation.h" />
    <ClInclude Include="Staff.h" />
    <ClInclude Include="StaffMenu.h" />
    <ClInclude Include="User.h" />
    <ClInclude Include="UserList.h" />
    <ClInclude Include="UserNode.h" />
    <ClInclude Include="UserStorage.h" />
    <ClInclude Include="MaintenanceList.h" />
    <ClInclude Include="ReservationQueue.h" />
  </ItemGroup>
  <ItemGroup>
    <None Include="users.csv" />
  </ItemGroup>
</Project>